{
  "name": "Dat_Scan_Viewer",
  "lockfileVersion": 2,
  "requires": true,
  "packages": {
    "": {
      "dependencies": {
        "cornerstone-wado-image-loader": "^4.1.2"
      }
    },
    "node_modules/@cornerstonejs/codec-charls": {
      "version": "0.1.1",
      "resolved": "https://registry.npmjs.org/@cornerstonejs/codec-charls/-/codec-charls-0.1.1.tgz",
      "integrity": "sha512-Y250DGVzmownJ7WgpHxNqWvfTnv4/malaKm/tWm0xE1FxhQE8iErMWFpKxpNDk3MdfXO4/98piVsUwmJMiWoDQ=="
    },
    "node_modules/@cornerstonejs/codec-libjpeg-turbo-8bit": {
      "version": "0.0.7",
      "resolved": "https://registry.npmjs.org/@cornerstonejs/codec-libjpeg-turbo-8bit/-/codec-libjpeg-turbo-8bit-0.0.7.tgz",
      "integrity": "sha512-qgm6BuVAy5mNP8SJ+A6+VbmPnqgj8jPvJrw4HbUoAzndmf9/VHjTYwawn3kmZWya5ErFAsXQ6c0U0noB1LKAiA=="
    },
    "node_modules/@cornerstonejs/codec-openjpeg": {
      "version": "0.1.1",
      "resolved": "https://registry.npmjs.org/@cornerstonejs/codec-openjpeg/-/codec-openjpeg-0.1.1.tgz",
      "integrity": "sha512-HOMMOLV6xy8O/agNGGvrl0a8DwShpBvWxAzEzv2pqq12d3r5z/3MyIgNA3Oj/8bIBVvvVXxh9RX7rMDRHJdowg=="
    },
    "node_modules/cornerstone-core": {
      "version": "2.6.1",
      "resolved": "https://registry.npmjs.org/cornerstone-core/-/cornerstone-core-2.6.1.tgz",
      "integrity": "sha512-LAXjXwNnK2W65ZxpE7phVLjbijkYUrAQIGv5xqKjK8+dmIGlBxqvPHnyGwEqVDyKOWVrpXP6ymUPwrGGRwzgMg==",
      "peer": true
    },
    "node_modules/cornerstone-wado-image-loader": {
      "version": "4.1.2",
      "resolved": "https://registry.npmjs.org/cornerstone-wado-image-loader/-/cornerstone-wado-image-loader-4.1.2.tgz",
      "integrity": "sha512-9dtCgU6Lidp5wY914rNUckLqNHmjvIzL3uYU8b3EMqb9+tfTRQINm0kJq/rgchiyxnc1AW3FhrDf9DYgcfspyQ==",
      "dependencies": {
        "@cornerstonejs/codec-charls": "^0.1.1",
        "@cornerstonejs/codec-libjpeg-turbo-8bit": "^0.0.7",
        "@cornerstonejs/codec-openjpeg": "^0.1.0",
        "dicom-parser": "^1.8.9",
        "pako": "^2.0.4"
      },
      "peerDependencies": {
        "cornerstone-core": "^2.6.0"
      }
    },
    "node_modules/dicom-parser": {
      "version": "1.8.13",
      "resolved": "https://registry.npmjs.org/dicom-parser/-/dicom-parser-1.8.13.tgz",
      "integrity": "sha512-8M53FPHS4zM3zvu5fdIWdatqrjpiG2+2M6RJ0IxwqLF4gvCYRsqUIusxYaOiNU0sWaptUpnXeZiXunP0LOIcQw=="
    },
    "node_modules/pako": {
      "version": "2.0.4",
      "resolved": "https://registry.npmjs.org/pako/-/pako-2.0.4.tgz",
      "integrity": "sha512-v8tweI900AUkZN6heMU/4Uy4cXRc2AYNRggVmTR+dEncawDJgCdLMximOVA2p4qO57WMynangsfGRb5WD6L1Bg=="
    }
  },
  "dependencies": {
    "@cornerstonejs/codec-charls": {
      "version": "0.1.1",
      "resolved": "https://registry.npmjs.org/@cornerstonejs/codec-charls/-/codec-charls-0.1.1.tgz",
      "integrity": "sha512-Y250DGVzmownJ7WgpHxNqWvfTnv4/malaKm/tWm0xE1FxhQE8iErMWFpKxpNDk3MdfXO4/98piVsUwmJMiWoDQ=="
    },
    "@cornerstonejs/codec-libjpeg-turbo-8bit": {
      "version": "0.0.7",
      "resolved": "https://registry.npmjs.org/@cornerstonejs/codec-libjpeg-turbo-8bit/-/codec-libjpeg-turbo-8bit-0.0.7.tgz",
      "integrity": "sha512-qgm6BuVAy5mNP8SJ+A6+VbmPnqgj8jPvJrw4HbUoAzndmf9/VHjTYwawn3kmZWya5ErFAsXQ6c0U0noB1LKAiA=="
    },
    "@cornerstonejs/codec-openjpeg": {
      "version": "0.1.1",
      "resolved": "https://registry.npmjs.org/@cornerstonejs/codec-openjpeg/-/codec-openjpeg-0.1.1.tgz",
      "integrity": "sha512-HOMMOLV6xy8O/agNGGvrl0a8DwShpBvWxAzEzv2pqq12d3r5z/3MyIgNA3Oj/8bIBVvvVXxh9RX7rMDRHJdowg=="
    },
    "cornerstone-core": {
      "version": "2.6.1",
      "resolved": "https://registry.npmjs.org/cornerstone-core/-/cornerstone-core-2.6.1.tgz",
      "integrity": "sha512-LAXjXwNnK2W65ZxpE7phVLjbijkYUrAQIGv5xqKjK8+dmIGlBxqvPHnyGwEqVDyKOWVrpXP6ymUPwrGGRwzgMg==",
      "peer": true
    },
    "cornerstone-wado-image-loader": {
      "version": "4.1.2",
      "resolved": "https://registry.npmjs.org/cornerstone-wado-image-loader/-/cornerstone-wado-image-loader-4.1.2.tgz",
      "integrity": "sha512-9dtCgU6Lidp5wY914rNUckLqNHmjvIzL3uYU8b3EMqb9+tfTRQINm0kJq/rgchiyxnc1AW3FhrDf9DYgcfspyQ==",
      "requires": {
        "@cornerstonejs/codec-charls": "^0.1.1",
        "@cornerstonejs/codec-libjpeg-turbo-8bit": "^0.0.7",
        "@cornerstonejs/codec-openjpeg": "^0.1.0",
        "dicom-parser": "^1.8.9",
        "pako": "^2.0.4"
      }
    },
    "dicom-parser": {
      "version": "1.8.13",
      "resolved": "https://registry.npmjs.org/dicom-parser/-/dicom-parser-1.8.13.tgz",
      "integrity": "sha512-8M53FPHS4zM3zvu5fdIWdatqrjpiG2+2M6RJ0IxwqLF4gvCYRsqUIusxYaOiNU0sWaptUpnXeZiXunP0LOIcQw=="
    },
    "pako": {
      "version": "2.0.4",
      "resolved": "https://registry.npmjs.org/pako/-/pako-2.0.4.tgz",
      "integrity": "sha512-v8tweI900AUkZN6heMU/4Uy4cXRc2AYNRggVmTR+dEncawDJgCdLMximOVA2p4qO57WMynangsfGRb5WD6L1Bg=="
    }
  }
}
